
Microsoft Visual Studio Solution File, Format Version 12.00
# Visual Studio Version 16
VisualStudioVersion = 16.0.32413.511
MinimumVisualStudioVersion = 10.0.40219.1
Project("{FAE04EC0-301F-11D3-BF4B-00C04F79EFBC}") = "Práctica fin de semestre", "Práctica fin de semestre.csproj", "{CCD38EA3-4BED-4C7B-9DAF-0D10F716A2A0}"
EndProject
Global
	GlobalSection(SolutionConfigurationPlatforms) = preSolution
		Debug|Any CPU = Debug|Any CPU
		Release|Any CPU = Release|Any CPU
	EndGlobalSection
	GlobalSection(ProjectConfigurationPlatforms) = postSolution
		{CCD38EA3-4BED-4C7B-9DAF-0D10F716A2A0}.Debug|Any CPU.ActiveCfg = Debug|Any CPU
		{CCD38EA3-4BED-4C7B-9DAF-0D10F716A2A0}.Debug|Any CPU.Build.0 = Debug|Any CPU
		{CCD38EA3-4BED-4C7B-9DAF-0D10F716A2A0}.Release|Any CPU.ActiveCfg = Release|Any CPU
		{CCD38EA3-4BED-4C7B-9DAF-0D10F716A2A0}.Release|Any CPU.Build.0 = Release|Any CPU
	EndGlobalSection
	GlobalSection(SolutionProperties) = preSolution
		HideSolutionNode = FALSE
	EndGlobalSection
	GlobalSection(ExtensibilityGlobals) = postSolution
		SolutionGuid = {750B2DC9-3839-410D-8078-86C8F0EEBF15}
	EndGlobalSection
EndGlobal
